
Microsoft Visual Studio Solution File, Format Version 12.00
# Visual Studio Version 16
VisualStudioVersion = 16.0.30503.244
MinimumVisualStudioVersion = 10.0.40219.1
Project("{FAE04EC0-301F-11D3-BF4B-00C04F79EFBC}") = "WindowsFormsBusUsl", "WindowsFormsBusUsl\WindowsFormsBusUsl.csproj", "{46588D60-B2B3-4B86-9AE8-38F83A5B4D5E}"
EndProject
Global
	GlobalSection(SolutionConfigurationPlatforms) = preSolution
		Debug|Any CPU = Debug|Any CPU
		Release|Any CPU = Release|Any CPU
	EndGlobalSection
	GlobalSection(ProjectConfigurationPlatforms) = postSolution
		{46588D60-B2B3-4B86-9AE8-38F83A5B4D5E}.Debug|Any CPU.ActiveCfg = Debug|Any CPU
		{46588D60-B2B3-4B86-9AE8-38F83A5B4D5E}.Debug|Any CPU.Build.0 = Debug|Any CPU
		{46588D60-B2B3-4B86-9AE8-38F83A5B4D5E}.Release|Any CPU.ActiveCfg = Release|Any CPU
		{46588D60-B2B3-4B86-9AE8-38F83A5B4D5E}.Release|Any CPU.Build.0 = Release|Any CPU
	EndGlobalSection
	GlobalSection(SolutionProperties) = preSolution
		HideSolutionNode = FALSE
	EndGlobalSection
	GlobalSection(ExtensibilityGlobals) = postSolution
		SolutionGuid = {D980A451-AE69-47F6-AD9A-462CCAD9D737}
	EndGlobalSection
EndGlobal
